<?xml version="1.0" encoding="UTF-8" standalone="yes" ?>
<CodeBlocks_project_file>
	<FileVersion major="1" minor="6" />
	<Project>
		<Option title="sistemaPymes" />
		<Option pch_mode="2" />
		<Option compiler="gcc" />
		<Build>
			<Target title="Debug">
				<Option output="bin/Debug" prefix_auto="1" extension_auto="1" />
				<Option object_output="obj/Debug/" />
				<Option type="1" />
				<Option compiler="gcc" />
				<Compiler>
					<Add option="-g" />
					<Add directory="include" />
				</Compiler>
			</Target>
			<Target title="Release">
				<Option output="bin/Release/sistemaPymes" prefix_auto="1" extension_auto="1" />
				<Option object_output="obj/Release/" />
				<Option type="1" />
				<Option compiler="gcc" />
				<Compiler>
					<Add option="-O2" />
					<Add directory="include" />
				</Compiler>
				<Linker>
					<Add option="-s" />
				</Linker>
			</Target>
		</Build>
		<Compiler>
			<Add option="-Wall" />
			<Add option="-fexceptions" />
		</Compiler>
		<Unit filename="Utilidades/backup.cpp" />
		<Unit filename="Utilidades/backup.h" />
		<Unit filename="Utilidades/centrarTabla.cpp" />
		<Unit filename="Utilidades/centrarTabla.h" />
		<Unit filename="Utilidades/menus.cpp" />
		<Unit filename="Utilidades/menus.h" />
		<Unit filename="Utilidades/rlutil.h" />
		<Unit filename="Utilidades/ui.cpp" />
		<Unit filename="Utilidades/ui.h" />
		<Unit filename="Utilidades/validaciones.cpp" />
		<Unit filename="Utilidades/validaciones.h" />
		<Unit filename="include/Calculadora.h" />
		<Unit filename="include/Compras.h" />
		<Unit filename="include/Contable.h" />
		<Unit filename="include/DetalleCompra.h" />
		<Unit filename="include/DetalleVenta.h" />
		<Unit filename="include/Direccion.h" />
		<Unit filename="include/Entidad.h" />
		<Unit filename="include/Fecha.h" />
		<Unit filename="include/Persona.h" />
		<Unit filename="include/Producto.h" />
		<Unit filename="include/Productos.h" />
		<Unit filename="include/Usuario.h" />
		<Unit filename="include/Ventas.h" />
		<Unit filename="main.cpp" />
		<Unit filename="src/Calculadora.cpp" />
		<Unit filename="src/Compras.cpp" />
		<Unit filename="src/Contable.cpp" />
		<Unit filename="src/DetalleCompra.cpp" />
		<Unit filename="src/DetalleVenta.cpp" />
		<Unit filename="src/Direccion.cpp" />
		<Unit filename="src/Entidad.cpp" />
		<Unit filename="src/Fecha.cpp" />
		<Unit filename="src/Persona.cpp" />
		<Unit filename="src/Producto.cpp" />
		<Unit filename="src/Productos.cpp" />
		<Unit filename="src/Usuario.cpp" />
		<Unit filename="src/Ventas.cpp" />
		<Extensions>
			<code_completion />
			<envvars />
			<debugger />
		</Extensions>
	</Project>
</CodeBlocks_project_file>
